
Microsoft Visual Studio Solution File, Format Version 12.00
# Visual Studio Version 17
VisualStudioVersion = 17.9.34728.123
MinimumVisualStudioVersion = 10.0.40219.1
Project("{FAE04EC0-301F-11D3-BF4B-00C04F79EFBC}") = "CRUDWithModalPopup", "CRUDWithModalPopup\CRUDWithModalPopup.csproj", "{5D8362CE-D740-44BA-A863-F4B610FFC3ED}"
EndProject
Global
	GlobalSection(SolutionConfigurationPlatforms) = preSolution
		Debug|Any CPU = Debug|Any CPU
		Release|Any CPU = Release|Any CPU
	EndGlobalSection
	GlobalSection(ProjectConfigurationPlatforms) = postSolution
		{5D8362CE-D740-44BA-A863-F4B610FFC3ED}.Debug|Any CPU.ActiveCfg = Debug|Any CPU
		{5D8362CE-D740-44BA-A863-F4B610FFC3ED}.Debug|Any CPU.Build.0 = Debug|Any CPU
		{5D8362CE-D740-44BA-A863-F4B610FFC3ED}.Release|Any CPU.ActiveCfg = Release|Any CPU
		{5D8362CE-D740-44BA-A863-F4B610FFC3ED}.Release|Any CPU.Build.0 = Release|Any CPU
	EndGlobalSection
	GlobalSection(SolutionProperties) = preSolution
		HideSolutionNode = FALSE
	EndGlobalSection
	GlobalSection(ExtensibilityGlobals) = postSolution
		SolutionGuid = {041A3E6D-38F9-402C-BA0D-0784370AF3CA}
	EndGlobalSection
EndGlobal
